
Microsoft Visual Studio Solution File, Format Version 12.00
# Visual Studio Version 17
VisualStudioVersion = 17.2.32616.157
MinimumVisualStudioVersion = 10.0.40219.1
Project("{FAE04EC0-301F-11D3-BF4B-00C04F79EFBC}") = "Mmx.Gui.Win.Wpf", "Mmx.Gui.Win.Wpf\Mmx.Gui.Win.Wpf.csproj", "{32D659CB-76B5-4D04-A1B2-A021A2878E83}"
EndProject
Project("{FAE04EC0-301F-11D3-BF4B-00C04F79EFBC}") = "Mmx.Gui.Win.Common", "Mmx.Gui.Win.Common\Mmx.Gui.Win.Common.csproj", "{D59B1B6C-6B96-4491-9EE9-610BE8E13598}"
EndProject
Project("{FAE04EC0-301F-11D3-BF4B-00C04F79EFBC}") = "Mmx.Gui.Win.Wpf.Plotter", "Mmx.Gui.Win.Wpf.Plotter\Mmx.Gui.Win.Wpf.Plotter.csproj", "{ED48F56C-DD61-4768-9A85-FC1699BC5D93}"
EndProject
Project("{FAE04EC0-301F-11D3-BF4B-00C04F79EFBC}") = "Mmx.Gui.Win.Wpf.Common", "Mmx.Gui.Win.Wpf.Common\Mmx.Gui.Win.Wpf.Common.csproj", "{B2F0A2B6-DAEB-4D1A-AF35-2D7EDA8757E7}"
EndProject
Project("{FAE04EC0-301F-11D3-BF4B-00C04F79EFBC}") = "Mmx.Gui.Win.Wpf.Harvester", "Mmx.Gui.Win.Wpf.Harvester\Mmx.Gui.Win.Wpf.Harvester.csproj", "{EFA920E8-8560-497B-8A10-E5C68EF3DE57}"
EndProject
Project("{FAE04EC0-301F-11D3-BF4B-00C04F79EFBC}") = "Mmx.Gui.Win.Common.Cef", "Mmx.Gui.Win.Common.Cef\Mmx.Gui.Win.Common.Cef.csproj", "{4F34B952-265A-4044-8011-82918749EDE2}"
EndProject
Global
	GlobalSection(SolutionConfigurationPlatforms) = preSolution
		Debug|Any CPU = Debug|Any CPU
		Debug|x64 = Debug|x64
		Release|Any CPU = Release|Any CPU
		Release|x64 = Release|x64
	EndGlobalSection
	GlobalSection(ProjectConfigurationPlatforms) = postSolution
		{32D659CB-76B5-4D04-A1B2-A021A2878E83}.Debug|Any CPU.ActiveCfg = Debug|Any CPU
		{32D659CB-76B5-4D04-A1B2-A021A2878E83}.Debug|Any CPU.Build.0 = Debug|Any CPU
		{32D659CB-76B5-4D04-A1B2-A021A2878E83}.Debug|x64.ActiveCfg = Debug|Any CPU
		{32D659CB-76B5-4D04-A1B2-A021A2878E83}.Debug|x64.Build.0 = Debug|Any CPU
		{32D659CB-76B5-4D04-A1B2-A021A2878E83}.Release|Any CPU.ActiveCfg = Release|Any CPU
		{32D659CB-76B5-4D04-A1B2-A021A2878E83}.Release|Any CPU.Build.0 = Release|Any CPU
		{32D659CB-76B5-4D04-A1B2-A021A2878E83}.Release|x64.ActiveCfg = Release|Any CPU
		{32D659CB-76B5-4D04-A1B2-A021A2878E83}.Release|x64.Build.0 = Release|Any CPU
		{D59B1B6C-6B96-4491-9EE9-610BE8E13598}.Debug|Any CPU.ActiveCfg = Debug|Any CPU
		{D59B1B6C-6B96-4491-9EE9-610BE8E13598}.Debug|Any CPU.Build.0 = Debug|Any CPU
		{D59B1B6C-6B96-4491-9EE9-610BE8E13598}.Debug|x64.ActiveCfg = Debug|Any CPU
		{D59B1B6C-6B96-4491-9EE9-610BE8E13598}.Debug|x64.Build.0 = Debug|Any CPU
		{D59B1B6C-6B96-4491-9EE9-610BE8E13598}.Release|Any CPU.ActiveCfg = Release|Any CPU
		{D59B1B6C-6B96-4491-9EE9-610BE8E13598}.Release|Any CPU.Build.0 = Release|Any CPU
		{D59B1B6C-6B96-4491-9EE9-610BE8E13598}.Release|x64.ActiveCfg = Release|Any CPU
		{D59B1B6C-6B96-4491-9EE9-610BE8E13598}.Release|x64.Build.0 = Release|Any CPU
		{ED48F56C-DD61-4768-9A85-FC1699BC5D93}.Debug|Any CPU.ActiveCfg = Debug|Any CPU
		{ED48F56C-DD61-4768-9A85-FC1699BC5D93}.Debug|Any CPU.Build.0 = Debug|Any CPU
		{ED48F56C-DD61-4768-9A85-FC1699BC5D93}.Debug|x64.ActiveCfg = Debug|Any CPU
		{ED48F56C-DD61-4768-9A85-FC1699BC5D93}.Debug|x64.Build.0 = Debug|Any CPU
		{ED48F56C-DD61-4768-9A85-FC1699BC5D93}.Release|Any CPU.ActiveCfg = Release|Any CPU
		{ED48F56C-DD61-4768-9A85-FC1699BC5D93}.Release|Any CPU.Build.0 = Release|Any CPU
		{ED48F56C-DD61-4768-9A85-FC1699BC5D93}.Release|x64.ActiveCfg = Release|Any CPU
		{ED48F56C-DD61-4768-9A85-FC1699BC5D93}.Release|x64.Build.0 = Release|Any CPU
		{B2F0A2B6-DAEB-4D1A-AF35-2D7EDA8757E7}.Debug|Any CPU.ActiveCfg = Debug|Any CPU
		{B2F0A2B6-DAEB-4D1A-AF35-2D7EDA8757E7}.Debug|Any CPU.Build.0 = Debug|Any CPU
		{B2F0A2B6-DAEB-4D1A-AF35-2D7EDA8757E7}.Debug|x64.ActiveCfg = Debug|Any CPU
		{B2F0A2B6-DAEB-4D1A-AF35-2D7EDA8757E7}.Debug|x64.Build.0 = Debug|Any CPU
		{B2F0A2B6-DAEB-4D1A-AF35-2D7EDA8757E7}.Release|Any CPU.ActiveCfg = Release|Any CPU
		{B2F0A2B6-DAEB-4D1A-AF35-2D7EDA8757E7}.Release|Any CPU.Build.0 = Release|Any CPU
		{B2F0A2B6-DAEB-4D1A-AF35-2D7EDA8757E7}.Release|x64.ActiveCfg = Release|Any CPU
		{B2F0A2B6-DAEB-4D1A-AF35-2D7EDA8757E7}.Release|x64.Build.0 = Release|Any CPU
		{EFA920E8-8560-497B-8A10-E5C68EF3DE57}.Debug|Any CPU.ActiveCfg = Debug|Any CPU
		{EFA920E8-8560-497B-8A10-E5C68EF3DE57}.Debug|Any CPU.Build.0 = Debug|Any CPU
		{EFA920E8-8560-497B-8A10-E5C68EF3DE57}.Debug|x64.ActiveCfg = Debug|Any CPU
		{EFA920E8-8560-497B-8A10-E5C68EF3DE57}.Debug|x64.Build.0 = Debug|Any CPU
		{EFA920E8-8560-497B-8A10-E5C68EF3DE57}.Release|Any CPU.ActiveCfg = Release|Any CPU
		{EFA920E8-8560-497B-8A10-E5C68EF3DE57}.Release|Any CPU.Build.0 = Release|Any CPU
		{EFA920E8-8560-497B-8A10-E5C68EF3DE57}.Release|x64.ActiveCfg = Release|Any CPU
		{EFA920E8-8560-497B-8A10-E5C68EF3DE57}.Release|x64.Build.0 = Release|Any CPU
		{4F34B952-265A-4044-8011-82918749EDE2}.Debug|Any CPU.ActiveCfg = Debug|Any CPU
		{4F34B952-265A-4044-8011-82918749EDE2}.Debug|Any CPU.Build.0 = Debug|Any CPU
		{4F34B952-265A-4044-8011-82918749EDE2}.Debug|x64.ActiveCfg = Debug|Any CPU
		{4F34B952-265A-4044-8011-82918749EDE2}.Debug|x64.Build.0 = Debug|Any CPU
		{4F34B952-265A-4044-8011-82918749EDE2}.Release|Any CPU.ActiveCfg = Release|Any CPU
		{4F34B952-265A-4044-8011-82918749EDE2}.Release|Any CPU.Build.0 = Release|Any CPU
		{4F34B952-265A-4044-8011-82918749EDE2}.Release|x64.ActiveCfg = Release|Any CPU
		{4F34B952-265A-4044-8011-82918749EDE2}.Release|x64.Build.0 = Release|Any CPU
	EndGlobalSection
	GlobalSection(SolutionProperties) = preSolution
		HideSolutionNode = FALSE
	EndGlobalSection
	GlobalSection(ExtensibilityGlobals) = postSolution
		SolutionGuid = {47891CB4-D722-4A77-B69B-054F3599361E}
	EndGlobalSection
EndGlobal
